// !$*UTF8*$!
{
	archiveVersion = 1;
	classes = {
	};
	objectVersion = 46;
	objects = {

/* Begin PBXBuildFile section */
		24437635185E302A0001C980 /* ATTParser.m in Sources */ = {isa = PBXBuildFile; fileRef = 24437634185E302A0001C980 /* ATTParser.m */; };
		24437638185E335B0001C980 /* Model.xcdatamodeld in Sources */ = {isa = PBXBuildFile; fileRef = 24437636185E335B0001C980 /* Model.xcdatamodeld */; };
		2443763B185E33720001C980 /* AltTechTalks.m in Sources */ = {isa = PBXBuildFile; fileRef = 2443763A185E33720001C980 /* AltTechTalks.m */; };
		2443763C185E33720001C980 /* AltTechTalks.m in Sources */ = {isa = PBXBuildFile; fileRef = 2443763A185E33720001C980 /* AltTechTalks.m */; };
		24437643185E35180001C980 /* ATTTalk.m in Sources */ = {isa = PBXBuildFile; fileRef = 2443763F185E35180001C980 /* ATTTalk.m */; };
		24437644185E35180001C980 /* ATTTalk.m in Sources */ = {isa = PBXBuildFile; fileRef = 2443763F185E35180001C980 /* ATTTalk.m */; };
		24437645185E35180001C980 /* _ATTTalk.m in Sources */ = {isa = PBXBuildFile; fileRef = 24437642185E35180001C980 /* _ATTTalk.m */; };
		24437646185E35180001C980 /* _ATTTalk.m in Sources */ = {isa = PBXBuildFile; fileRef = 24437642185E35180001C980 /* _ATTTalk.m */; };
		24437656185E35C80001C980 /* libDCTCoreDataStack-OSX.a in Frameworks */ = {isa = PBXBuildFile; fileRef = 24437651185E35BB0001C980 /* libDCTCoreDataStack-OSX.a */; };
		24437657185E35CE0001C980 /* libDCTCoreDataStack.a in Frameworks */ = {isa = PBXBuildFile; fileRef = 2443764F185E35BB0001C980 /* libDCTCoreDataStack.a */; };
		24437659185E4B890001C980 /* iPhone.storyboard in Resources */ = {isa = PBXBuildFile; fileRef = 24437658185E4B890001C980 /* iPhone.storyboard */; };
		2449AE24185E1E1300B1DC44 /* Foundation.framework in Frameworks */ = {isa = PBXBuildFile; fileRef = 2449AE23185E1E1300B1DC44 /* Foundation.framework */; };
		2449AE26185E1E1300B1DC44 /* CoreGraphics.framework in Frameworks */ = {isa = PBXBuildFile; fileRef = 2449AE25185E1E1300B1DC44 /* CoreGraphics.framework */; };
		2449AE28185E1E1300B1DC44 /* UIKit.framework in Frameworks */ = {isa = PBXBuildFile; fileRef = 2449AE27185E1E1300B1DC44 /* UIKit.framework */; };
		2449AE2E185E1E1300B1DC44 /* InfoPlist.strings in Resources */ = {isa = PBXBuildFile; fileRef = 2449AE2C185E1E1300B1DC44 /* InfoPlist.strings */; };
		2449AE30185E1E1300B1DC44 /* main.m in Sources */ = {isa = PBXBuildFile; fileRef = 2449AE2F185E1E1300B1DC44 /* main.m */; };
		2449AE34185E1E1300B1DC44 /* AppDelegate.m in Sources */ = {isa = PBXBuildFile; fileRef = 2449AE33185E1E1300B1DC44 /* AppDelegate.m */; };
		2449AE36185E1E1300B1DC44 /* Images.xcassets in Resources */ = {isa = PBXBuildFile; fileRef = 2449AE35185E1E1300B1DC44 /* Images.xcassets */; };
		2454B59B185E211B004C2FBD /* Foundation.framework in Frameworks */ = {isa = PBXBuildFile; fileRef = 2449AE23185E1E1300B1DC44 /* Foundation.framework */; };
		2454B59E185E211B004C2FBD /* main.m in Sources */ = {isa = PBXBuildFile; fileRef = 2454B59D185E211B004C2FBD /* main.m */; };
		2454B5AC185E25D4004C2FBD /* CoreFoundation.framework in Frameworks */ = {isa = PBXBuildFile; fileRef = 2454B5AB185E25D4004C2FBD /* CoreFoundation.framework */; };
		2454B5C9185E290E004C2FBD /* libddcli.a in Frameworks */ = {isa = PBXBuildFile; fileRef = 2454B5C8185E28FD004C2FBD /* libddcli.a */; };
/* End PBXBuildFile section */

/* Begin PBXContainerItemProxy section */
		2443764E185E35BB0001C980 /* PBXContainerItemProxy */ = {
			isa = PBXContainerItemProxy;
			containerPortal = 24437647185E35BA0001C980 /* DCTCoreDataStack.xcodeproj */;
			proxyType = 2;
			remoteGlobalIDString = 2437B68D15B97C2600750117;
			remoteInfo = DCTCoreDataStack;
		};
		24437650185E35BB0001C980 /* PBXContainerItemProxy */ = {
			isa = PBXContainerItemProxy;
			containerPortal = 24437647185E35BA0001C980 /* DCTCoreDataStack.xcodeproj */;
			proxyType = 2;
			remoteGlobalIDString = 2468705C18525E9200ADB152;
			remoteInfo = "DCTCoreDataStack-OSX";
		};
		24437652185E35BB0001C980 /* PBXContainerItemProxy */ = {
			isa = PBXContainerItemProxy;
			containerPortal = 24437647185E35BA0001C980 /* DCTCoreDataStack.xcodeproj */;
			proxyType = 2;
			remoteGlobalIDString = 24F6EC00158A261000CEDD41;
			remoteInfo = DCTCoreDataStackTests;
		};
		24437654185E35BB0001C980 /* PBXContainerItemProxy */ = {
			isa = PBXContainerItemProxy;
			containerPortal = 24437647185E35BA0001C980 /* DCTCoreDataStack.xcodeproj */;
			proxyType = 2;
			remoteGlobalIDString = 24E91B5715BEB1FA00E0DB54;
			remoteInfo = "DCTCoreDataStack Demo";
		};
		2454B5B7185E262C004C2FBD /* PBXContainerItemProxy */ = {
			isa = PBXContainerItemProxy;
			containerPortal = 2449AE18185E1E1300B1DC44 /* Project object */;
			proxyType = 1;
			remoteGlobalIDString = 2454B5A9185E25D4004C2FBD;
			remoteInfo = "AltTechTalks Bundle";
		};
		2454B5B9185E2647004C2FBD /* PBXContainerItemProxy */ = {
			isa = PBXContainerItemProxy;
			containerPortal = 2449AE18185E1E1300B1DC44 /* Project object */;
			proxyType = 1;
			remoteGlobalIDString = 2454B599185E211B004C2FBD;
			remoteInfo = "AltTechTalks Parser";
		};
		2454B5C3185E28FD004C2FBD /* PBXContainerItemProxy */ = {
			isa = PBXContainerItemProxy;
			containerPortal = 2454B5BC185E28FC004C2FBD /* ddcli.xcodeproj */;
			proxyType = 2;
			remoteGlobalIDString = 8DD76FA10486AA7600D96B5E;
			remoteInfo = example;
		};
		2454B5C5185E28FD004C2FBD /* PBXContainerItemProxy */ = {
			isa = PBXContainerItemProxy;
			containerPortal = 2454B5BC185E28FC004C2FBD /* ddcli.xcodeproj */;
			proxyType = 2;
			remoteGlobalIDString = 55CCE9760C1380C900FA06C6;
			remoteInfo = simple;
		};
		2454B5C7185E28FD004C2FBD /* PBXContainerItemProxy */ = {
			isa = PBXContainerItemProxy;
			containerPortal = 2454B5BC185E28FC004C2FBD /* ddcli.xcodeproj */;
			proxyType = 2;
			remoteGlobalIDString = 55CCE92E0C137F7D00FA06C6;
			remoteInfo = ddcli;
		};
/* End PBXContainerItemProxy section */

/* Begin PBXFileReference section */
		24437633185E302A0001C980 /* ATTParser.h */ = {isa = PBXFileReference; fileEncoding = 4; lastKnownFileType = sourcecode.c.h; path = ATTParser.h; sourceTree = "<group>"; };
		24437634185E302A0001C980 /* ATTParser.m */ = {isa = PBXFileReference; fileEncoding = 4; lastKnownFileType = sourcecode.c.objc; path = ATTParser.m; sourceTree = "<group>"; };
		24437637185E335B0001C980 /* Model.xcdatamodel */ = {isa = PBXFileReference; lastKnownFileType = wrapper.xcdatamodel; path = Model.xcdatamodel; sourceTree = "<group>"; };
		24437639185E33720001C980 /* AltTechTalks.h */ = {isa = PBXFileReference; fileEncoding = 4; lastKnownFileType = sourcecode.c.h; path = AltTechTalks.h; sourceTree = "<group>"; };
		2443763A185E33720001C980 /* AltTechTalks.m */ = {isa = PBXFileReference; fileEncoding = 4; lastKnownFileType = sourcecode.c.objc; path = AltTechTalks.m; sourceTree = "<group>"; };
		2443763E185E35180001C980 /* ATTTalk.h */ = {isa = PBXFileReference; fileEncoding = 4; lastKnownFileType = sourcecode.c.h; path = ATTTalk.h; sourceTree = "<group>"; };
		2443763F185E35180001C980 /* ATTTalk.m */ = {isa = PBXFileReference; fileEncoding = 4; lastKnownFileType = sourcecode.c.objc; path = ATTTalk.m; sourceTree = "<group>"; };
		24437641185E35180001C980 /* _ATTTalk.h */ = {isa = PBXFileReference; fileEncoding = 4; lastKnownFileType = sourcecode.c.h; path = _ATTTalk.h; sourceTree = "<group>"; };
		24437642185E35180001C980 /* _ATTTalk.m */ = {isa = PBXFileReference; fileEncoding = 4; lastKnownFileType = sourcecode.c.objc; path = _ATTTalk.m; sourceTree = "<group>"; };
		24437647185E35BA0001C980 /* DCTCoreDataStack.xcodeproj */ = {isa = PBXFileReference; lastKnownFileType = "wrapper.pb-project"; name = DCTCoreDataStack.xcodeproj; path = DCTCoreDataStack/DCTCoreDataStack.xcodeproj; sourceTree = "<group>"; };
		24437658185E4B890001C980 /* iPhone.storyboard */ = {isa = PBXFileReference; fileEncoding = 4; lastKnownFileType = file.storyboard; path = iPhone.storyboard; sourceTree = "<group>"; };
		2449AE20185E1E1300B1DC44 /* AltTechTalks.app */ = {isa = PBXFileReference; explicitFileType = wrapper.application; includeInIndex = 0; path = AltTechTalks.app; sourceTree = BUILT_PRODUCTS_DIR; };
		2449AE23185E1E1300B1DC44 /* Foundation.framework */ = {isa = PBXFileReference; lastKnownFileType = wrapper.framework; name = Foundation.framework; path = System/Library/Frameworks/Foundation.framework; sourceTree = SDKROOT; };
		2449AE25185E1E1300B1DC44 /* CoreGraphics.framework */ = {isa = PBXFileReference; lastKnownFileType = wrapper.framework; name = CoreGraphics.framework; path = System/Library/Frameworks/CoreGraphics.framework; sourceTree = SDKROOT; };
		2449AE27185E1E1300B1DC44 /* UIKit.framework */ = {isa = PBXFileReference; lastKnownFileType = wrapper.framework; name = UIKit.framework; path = System/Library/Frameworks/UIKit.framework; sourceTree = SDKROOT; };
		2449AE2B185E1E1300B1DC44 /* AltTechTalks-Info.plist */ = {isa = PBXFileReference; lastKnownFileType = text.plist.xml; path = "AltTechTalks-Info.plist"; sourceTree = "<group>"; };
		2449AE2D185E1E1300B1DC44 /* en */ = {isa = PBXFileReference; lastKnownFileType = text.plist.strings; name = en; path = en.lproj/InfoPlist.strings; sourceTree = "<group>"; };
		2449AE2F185E1E1300B1DC44 /* main.m */ = {isa = PBXFileReference; lastKnownFileType = sourcecode.c.objc; path = main.m; sourceTree = "<group>"; };
		2449AE32185E1E1300B1DC44 /* AppDelegate.h */ = {isa = PBXFileReference; lastKnownFileType = sourcecode.c.h; path = AppDelegate.h; sourceTree = "<group>"; };
		2449AE33185E1E1300B1DC44 /* AppDelegate.m */ = {isa = PBXFileReference; lastKnownFileType = sourcecode.c.objc; path = AppDelegate.m; sourceTree = "<group>"; };
		2449AE35185E1E1300B1DC44 /* Images.xcassets */ = {isa = PBXFileReference; lastKnownFileType = folder.assetcatalog; path = Images.xcassets; sourceTree = "<group>"; };
		2449AE3C185E1E1300B1DC44 /* XCTest.framework */ = {isa = PBXFileReference; lastKnownFileType = wrapper.framework; name = XCTest.framework; path = Library/Frameworks/XCTest.framework; sourceTree = DEVELOPER_DIR; };
		2454B59A185E211B004C2FBD /* AltTechTalks Parser */ = {isa = PBXFileReference; explicitFileType = "compiled.mach-o.executable"; includeInIndex = 0; path = "AltTechTalks Parser"; sourceTree = BUILT_PRODUCTS_DIR; };
		2454B59D185E211B004C2FBD /* main.m */ = {isa = PBXFileReference; lastKnownFileType = sourcecode.c.objc; path = main.m; sourceTree = "<group>"; };
		2454B5AA185E25D4004C2FBD /* AltTechTalks Bundle.bundle */ = {isa = PBXFileReference; explicitFileType = wrapper.cfbundle; includeInIndex = 0; path = "AltTechTalks Bundle.bundle"; sourceTree = BUILT_PRODUCTS_DIR; };
		2454B5AB185E25D4004C2FBD /* CoreFoundation.framework */ = {isa = PBXFileReference; lastKnownFileType = wrapper.framework; name = CoreFoundation.framework; path = System/Library/Frameworks/CoreFoundation.framework; sourceTree = SDKROOT; };
		2454B5AF185E25D4004C2FBD /* AltTechTalks Bundle-Info.plist */ = {isa = PBXFileReference; lastKnownFileType = text.plist.xml; path = "AltTechTalks Bundle-Info.plist"; sourceTree = "<group>"; };
		2454B5BC185E28FC004C2FBD /* ddcli.xcodeproj */ = {isa = PBXFileReference; lastKnownFileType = "wrapper.pb-project"; name = ddcli.xcodeproj; path = ddcli/ddcli.xcodeproj; sourceTree = "<group>"; };
/* End PBXFileReference section */

/* Begin PBXFrameworksBuildPhase section */
		2449AE1D185E1E1300B1DC44 /* Frameworks */ = {
			isa = PBXFrameworksBuildPhase;
			buildActionMask = 2147483647;
			files = (
				24437657185E35CE0001C980 /* libDCTCoreDataStack.a in Frameworks */,
				2449AE26185E1E1300B1DC44 /* CoreGraphics.framework in Frameworks */,
				2449AE28185E1E1300B1DC44 /* UIKit.framework in Frameworks */,
				2449AE24185E1E1300B1DC44 /* Foundation.framework in Frameworks */,
			);
			runOnlyForDeploymentPostprocessing = 0;
		};
		2454B597185E211B004C2FBD /* Frameworks */ = {
			isa = PBXFrameworksBuildPhase;
			buildActionMask = 2147483647;
			files = (
				24437656185E35C80001C980 /* libDCTCoreDataStack-OSX.a in Frameworks */,
				2454B5C9185E290E004C2FBD /* libddcli.a in Frameworks */,
				2454B59B185E211B004C2FBD /* Foundation.framework in Frameworks */,
			);
			runOnlyForDeploymentPostprocessing = 0;
		};
		2454B5A7185E25D4004C2FBD /* Frameworks */ = {
			isa = PBXFrameworksBuildPhase;
			buildActionMask = 2147483647;
			files = (
				2454B5AC185E25D4004C2FBD /* CoreFoundation.framework in Frameworks */,
			);
			runOnlyForDeploymentPostprocessing = 0;
		};
/* End PBXFrameworksBuildPhase section */

/* Begin PBXGroup section */
		2443763D185E35180001C980 /* Model */ = {
			isa = PBXGroup;
			children = (
				2443763E185E35180001C980 /* ATTTalk.h */,
				2443763F185E35180001C980 /* ATTTalk.m */,
				24437640185E35180001C980 /* Generated */,
			);
			path = Model;
			sourceTree = "<group>";
		};
		24437640185E35180001C980 /* Generated */ = {
			isa = PBXGroup;
			children = (
				24437641185E35180001C980 /* _ATTTalk.h */,
				24437642185E35180001C980 /* _ATTTalk.m */,
			);
			path = Generated;
			sourceTree = "<group>";
		};
		24437648185E35BA0001C980 /* Products */ = {
			isa = PBXGroup;
			children = (
				2443764F185E35BB0001C980 /* libDCTCoreDataStack.a */,
				24437651185E35BB0001C980 /* libDCTCoreDataStack-OSX.a */,
				24437653185E35BB0001C980 /* DCTCoreDataStackTests.octest */,
				24437655185E35BB0001C980 /* CoreDataStack.app */,
			);
			name = Products;
			sourceTree = "<group>";
		};
		2449AE17185E1E1300B1DC44 = {
			isa = PBXGroup;
			children = (
				2449AE29185E1E1300B1DC44 /* AltTechTalks */,
				2454B59C185E211B004C2FBD /* AltTechTalks Parser */,
				2454B5AD185E25D4004C2FBD /* AltTechTalks Bundle */,
				2454B5BB185E28EF004C2FBD /* Libraries */,
				2449AE22185E1E1300B1DC44 /* Frameworks */,
				2449AE21185E1E1300B1DC44 /* Products */,
			);
			sourceTree = "<group>";
		};
		2449AE21185E1E1300B1DC44 /* Products */ = {
			isa = PBXGroup;
			children = (
				2449AE20185E1E1300B1DC44 /* AltTechTalks.app */,
				2454B59A185E211B004C2FBD /* AltTechTalks Parser */,
				2454B5AA185E25D4004C2FBD /* AltTechTalks Bundle.bundle */,
			);
			name = Products;
			sourceTree = "<group>";
		};
		2449AE22185E1E1300B1DC44 /* Frameworks */ = {
			isa = PBXGroup;
			children = (
				2449AE23185E1E1300B1DC44 /* Foundation.framework */,
				2449AE25185E1E1300B1DC44 /* CoreGraphics.framework */,
				2449AE27185E1E1300B1DC44 /* UIKit.framework */,
				2449AE3C185E1E1300B1DC44 /* XCTest.framework */,
				2454B5AB185E25D4004C2FBD /* CoreFoundation.framework */,
			);
			name = Frameworks;
			sourceTree = "<group>";
		};
		2449AE29185E1E1300B1DC44 /* AltTechTalks */ = {
			isa = PBXGroup;
			children = (
				2449AE32185E1E1300B1DC44 /* AppDelegate.h */,
				2449AE33185E1E1300B1DC44 /* AppDelegate.m */,
				2449AE35185E1E1300B1DC44 /* Images.xcassets */,
				2449AE2B185E1E1300B1DC44 /* AltTechTalks-Info.plist */,
				2449AE2C185E1E1300B1DC44 /* InfoPlist.strings */,
				2449AE2F185E1E1300B1DC44 /* main.m */,
				24437636185E335B0001C980 /* Model.xcdatamodeld */,
				24437658185E4B890001C980 /* iPhone.storyboard */,
				24437639185E33720001C980 /* AltTechTalks.h */,
				2443763A185E33720001C980 /* AltTechTalks.m */,
				2443763D185E35180001C980 /* Model */,
			);
			path = AltTechTalks;
			sourceTree = "<group>";
		};
		2454B59C185E211B004C2FBD /* AltTechTalks Parser */ = {
			isa = PBXGroup;
			children = (
				2454B59D185E211B004C2FBD /* main.m */,
				24437633185E302A0001C980 /* ATTParser.h */,
				24437634185E302A0001C980 /* ATTParser.m */,
			);
			path = "AltTechTalks Parser";
			sourceTree = "<group>";
		};
		2454B5AD185E25D4004C2FBD /* AltTechTalks Bundle */ = {
			isa = PBXGroup;
			children = (
				2454B5AF185E25D4004C2FBD /* AltTechTalks Bundle-Info.plist */,
			);
			path = "AltTechTalks Bundle";
			sourceTree = "<group>";
		};
		2454B5BB185E28EF004C2FBD /* Libraries */ = {
			isa = PBXGroup;
			children = (
				24437647185E35BA0001C980 /* DCTCoreDataStack.xcodeproj */,
				2454B5BC185E28FC004C2FBD /* ddcli.xcodeproj */,
			);
			name = Libraries;
			sourceTree = "<group>";
		};
		2454B5BD185E28FC004C2FBD /* Products */ = {
			isa = PBXGroup;
			children = (
				2454B5C4185E28FD004C2FBD /* example */,
				2454B5C6185E28FD004C2FBD /* simple */,
				2454B5C8185E28FD004C2FBD /* libddcli.a */,
			);
			name = Products;
			sourceTree = "<group>";
		};
/* End PBXGroup section */

/* Begin PBXNativeTarget section */
		2449AE1F185E1E1300B1DC44 /* AltTechTalks */ = {
			isa = PBXNativeTarget;
			buildConfigurationList = 2449AE4C185E1E1300B1DC44 /* Build configuration list for PBXNativeTarget "AltTechTalks" */;
			buildPhases = (
				24437632185E2EDF0001C980 /* Run Parser */,
				2449AE1C185E1E1300B1DC44 /* Sources */,
				2449AE1D185E1E1300B1DC44 /* Frameworks */,
				2449AE1E185E1E1300B1DC44 /* Resources */,
			);
			buildRules = (
			);
			dependencies = (
				2454B5BA185E2647004C2FBD /* PBXTargetDependency */,
			);
			name = AltTechTalks;
			productName = AltTechTalks;
			productReference = 2449AE20185E1E1300B1DC44 /* AltTechTalks.app */;
			productType = "com.apple.product-type.application";
		};
		2454B599185E211B004C2FBD /* AltTechTalks Parser */ = {
			isa = PBXNativeTarget;
			buildConfigurationList = 2454B5A5185E211B004C2FBD /* Build configuration list for PBXNativeTarget "AltTechTalks Parser" */;
			buildPhases = (
				2454B596185E211B004C2FBD /* Sources */,
				2454B597185E211B004C2FBD /* Frameworks */,
				24437631185E2DDE0001C980 /* ShellScript */,
			);
			buildRules = (
			);
			dependencies = (
				2454B5B8185E262C004C2FBD /* PBXTargetDependency */,
			);
			name = "AltTechTalks Parser";
			productName = "AltTechTalks Parser";
			productReference = 2454B59A185E211B004C2FBD /* AltTechTalks Parser */;
			productType = "com.apple.product-type.tool";
		};
		2454B5A9185E25D4004C2FBD /* AltTechTalks Bundle */ = {
			isa = PBXNativeTarget;
			buildConfigurationList = 2454B5B4185E25D4004C2FBD /* Build configuration list for PBXNativeTarget "AltTechTalks Bundle" */;
			buildPhases = (
				2454B5A6185E25D4004C2FBD /* Sources */,
				2454B5A7185E25D4004C2FBD /* Frameworks */,
				2454B5A8185E25D4004C2FBD /* Resources */,
			);
			buildRules = (
			);
			dependencies = (
			);
			name = "AltTechTalks Bundle";
			productName = "AltTechTalks Bundle";
			productReference = 2454B5AA185E25D4004C2FBD /* AltTechTalks Bundle.bundle */;
			productType = "com.apple.product-type.bundle";
		};
/* End PBXNativeTarget section */

/* Begin PBXProject section */
		2449AE18185E1E1300B1DC44 /* Project object */ = {
			isa = PBXProject;
			attributes = {
				LastUpgradeCheck = 0500;
				ORGANIZATIONNAME = "Daniel Tull";
			};
			buildConfigurationList = 2449AE1B185E1E1300B1DC44 /* Build configuration list for PBXProject "AltTechTalks" */;
			compatibilityVersion = "Xcode 3.2";
			developmentRegion = English;
			hasScannedForEncodings = 0;
			knownRegions = (
				en,
			);
			mainGroup = 2449AE17185E1E1300B1DC44;
			productRefGroup = 2449AE21185E1E1300B1DC44 /* Products */;
			projectDirPath = "";
			projectReferences = (
				{
					ProductGroup = 24437648185E35BA0001C980 /* Products */;
					ProjectRef = 24437647185E35BA0001C980 /* DCTCoreDataStack.xcodeproj */;
				},
				{
					ProductGroup = 2454B5BD185E28FC004C2FBD /* Products */;
					ProjectRef = 2454B5BC185E28FC004C2FBD /* ddcli.xcodeproj */;
				},
			);
			projectRoot = "";
			targets = (
				2449AE1F185E1E1300B1DC44 /* AltTechTalks */,
				2454B599185E211B004C2FBD /* AltTechTalks Parser */,
				2454B5A9185E25D4004C2FBD /* AltTechTalks Bundle */,
			);
		};
/* End PBXProject section */

/* Begin PBXReferenceProxy section */
		2443764F185E35BB0001C980 /* libDCTCoreDataStack.a */ = {
			isa = PBXReferenceProxy;
			fileType = archive.ar;
			path = libDCTCoreDataStack.a;
			remoteRef = 2443764E185E35BB0001C980 /* PBXContainerItemProxy */;
			sourceTree = BUILT_PRODUCTS_DIR;
		};
		24437651185E35BB0001C980 /* libDCTCoreDataStack-OSX.a */ = {
			isa = PBXReferenceProxy;
			fileType = archive.ar;
			path = "libDCTCoreDataStack-OSX.a";
			remoteRef = 24437650185E35BB0001C980 /* PBXContainerItemProxy */;
			sourceTree = BUILT_PRODUCTS_DIR;
		};
		24437653185E35BB0001C980 /* DCTCoreDataStackTests.octest */ = {
			isa = PBXReferenceProxy;
			fileType = wrapper.cfbundle;
			path = DCTCoreDataStackTests.octest;
			remoteRef = 24437652185E35BB0001C980 /* PBXContainerItemProxy */;
			sourceTree = BUILT_PRODUCTS_DIR;
		};
		24437655185E35BB0001C980 /* CoreDataStack.app */ = {
			isa = PBXReferenceProxy;
			fileType = wrapper.application;
			path = CoreDataStack.app;
			remoteRef = 24437654185E35BB0001C980 /* PBXContainerItemProxy */;
			sourceTree = BUILT_PRODUCTS_DIR;
		};
		2454B5C4185E28FD004C2FBD /* example */ = {
			isa = PBXReferenceProxy;
			fileType = "compiled.mach-o.executable";
			path = example;
			remoteRef = 2454B5C3185E28FD004C2FBD /* PBXContainerItemProxy */;
			sourceTree = BUILT_PRODUCTS_DIR;
		};
		2454B5C6185E28FD004C2FBD /* simple */ = {
			isa = PBXReferenceProxy;
			fileType = "compiled.mach-o.executable";
			path = simple;
			remoteRef = 2454B5C5185E28FD004C2FBD /* PBXContainerItemProxy */;
			sourceTree = BUILT_PRODUCTS_DIR;
		};
		2454B5C8185E28FD004C2FBD /* libddcli.a */ = {
			isa = PBXReferenceProxy;
			fileType = archive.ar;
			path = libddcli.a;
			remoteRef = 2454B5C7185E28FD004C2FBD /* PBXContainerItemProxy */;
			sourceTree = BUILT_PRODUCTS_DIR;
		};
/* End PBXReferenceProxy section */

/* Begin PBXResourcesBuildPhase section */
		2449AE1E185E1E1300B1DC44 /* Resources */ = {
			isa = PBXResourcesBuildPhase;
			buildActionMask = 2147483647;
			files = (
				2449AE2E185E1E1300B1DC44 /* InfoPlist.strings in Resources */,
				2449AE36185E1E1300B1DC44 /* Images.xcassets in Resources */,
				24437659185E4B890001C980 /* iPhone.storyboard in Resources */,
			);
			runOnlyForDeploymentPostprocessing = 0;
		};
		2454B5A8185E25D4004C2FBD /* Resources */ = {
			isa = PBXResourcesBuildPhase;
			buildActionMask = 2147483647;
			files = (
			);
			runOnlyForDeploymentPostprocessing = 0;
		};
/* End PBXResourcesBuildPhase section */

/* Begin PBXShellScriptBuildPhase section */
		24437631185E2DDE0001C980 /* ShellScript */ = {
			isa = PBXShellScriptBuildPhase;
			buildActionMask = 2147483647;
			files = (
			);
			inputPaths = (
			);
			outputPaths = (
			);
			runOnlyForDeploymentPostprocessing = 0;
			shellPath = /bin/sh;
			shellScript = "CP \"${BUILT_PRODUCTS_DIR}/${EXECUTABLE_PATH}\" \"${BUILD_ROOT}\"\n";
		};
		24437632185E2EDF0001C980 /* Run Parser */ = {
			isa = PBXShellScriptBuildPhase;
			buildActionMask = 2147483647;
			files = (
			);
			inputPaths = (
			);
			name = "Run Parser";
			outputPaths = (
			);
			runOnlyForDeploymentPostprocessing = 0;
			shellPath = /bin/sh;
			shellScript = "PARSER=\"${BUILD_ROOT}/AltTechTalks Parser\"\nBUNDLE=\"${CONFIGURATION_BUILD_DIR}/AltTechTalks Bundle.bundle\"\n\n\"$PARSER\" -b \"$BUNDLE\"\n";
		};
/* End PBXShellScriptBuildPhase section */

/* Begin PBXSourcesBuildPhase section */
		2449AE1C185E1E1300B1DC44 /* Sources */ = {
			isa = PBXSourcesBuildPhase;
			buildActionMask = 2147483647;
			files = (
				24437645185E35180001C980 /* _ATTTalk.m in Sources */,
				2449AE34185E1E1300B1DC44 /* AppDelegate.m in Sources */,
				24437643185E35180001C980 /* ATTTalk.m in Sources */,
				2443763B185E33720001C980 /* AltTechTalks.m in Sources */,
				2449AE30185E1E1300B1DC44 /* main.m in Sources */,
			);
			runOnlyForDeploymentPostprocessing = 0;
		};
		2454B596185E211B004C2FBD /* Sources */ = {
			isa = PBXSourcesBuildPhase;
			buildActionMask = 2147483647;
			files = (
				24437646185E35180001C980 /* _ATTTalk.m in Sources */,
				24437635185E302A0001C980 /* ATTParser.m in Sources */,
				24437644185E35180001C980 /* ATTTalk.m in Sources */,
				2443763C185E33720001C980 /* AltTechTalks.m in Sources */,
				2454B59E185E211B004C2FBD /* main.m in Sources */,
			);
			runOnlyForDeploymentPostprocessing = 0;
		};
		2454B5A6185E25D4004C2FBD /* Sources */ = {
			isa = PBXSourcesBuildPhase;
			buildActionMask = 2147483647;
			files = (
				24437638185E335B0001C980 /* Model.xcdatamodeld in Sources */,
			);
			runOnlyForDeploymentPostprocessing = 0;
		};
/* End PBXSourcesBuildPhase section */

/* Begin PBXTargetDependency section */
		2454B5B8185E262C004C2FBD /* PBXTargetDependency */ = {
			isa = PBXTargetDependency;
			target = 2454B5A9185E25D4004C2FBD /* AltTechTalks Bundle */;
			targetProxy = 2454B5B7185E262C004C2FBD /* PBXContainerItemProxy */;
		};
		2454B5BA185E2647004C2FBD /* PBXTargetDependency */ = {
			isa = PBXTargetDependency;
			target = 2454B599185E211B004C2FBD /* AltTechTalks Parser */;
			targetProxy = 2454B5B9185E2647004C2FBD /* PBXContainerItemProxy */;
		};
/* End PBXTargetDependency section */

/* Begin PBXVariantGroup section */
		2449AE2C185E1E1300B1DC44 /* InfoPlist.strings */ = {
			isa = PBXVariantGroup;
			children = (
				2449AE2D185E1E1300B1DC44 /* en */,
			);
			name = InfoPlist.strings;
			sourceTree = "<group>";
		};
/* End PBXVariantGroup section */

/* Begin XCBuildConfiguration section */
		2449AE4A185E1E1300B1DC44 /* Debug */ = {
			isa = XCBuildConfiguration;
			buildSettings = {
				ALWAYS_SEARCH_USER_PATHS = NO;
				ARCHS = "$(ARCHS_STANDARD_INCLUDING_64_BIT)";
				CLANG_CXX_LANGUAGE_STANDARD = "gnu++0x";
				CLANG_CXX_LIBRARY = "libc++";
				CLANG_ENABLE_MODULES = YES;
				CLANG_ENABLE_OBJC_ARC = YES;
				CLANG_WARN_BOOL_CONVERSION = YES;
				CLANG_WARN_CONSTANT_CONVERSION = YES;
				CLANG_WARN_DIRECT_OBJC_ISA_USAGE = YES_ERROR;
				CLANG_WARN_EMPTY_BODY = YES;
				CLANG_WARN_ENUM_CONVERSION = YES;
				CLANG_WARN_INT_CONVERSION = YES;
				CLANG_WARN_OBJC_ROOT_CLASS = YES_ERROR;
				CLANG_WARN__DUPLICATE_METHOD_MATCH = YES;
				"CODE_SIGN_IDENTITY[sdk=iphoneos*]" = "iPhone Developer";
				COPY_PHASE_STRIP = NO;
				GCC_C_LANGUAGE_STANDARD = gnu99;
				GCC_DYNAMIC_NO_PIC = NO;
				GCC_OPTIMIZATION_LEVEL = 0;
				GCC_PREPROCESSOR_DEFINITIONS = (
					"DEBUG=1",
					"$(inherited)",
				);
				GCC_SYMBOLS_PRIVATE_EXTERN = NO;
				GCC_WARN_64_TO_32_BIT_CONVERSION = YES;
				GCC_WARN_ABOUT_RETURN_TYPE = YES_ERROR;
				GCC_WARN_UNDECLARED_SELECTOR = YES;
				GCC_WARN_UNINITIALIZED_AUTOS = YES;
				GCC_WARN_UNUSED_FUNCTION = YES;
				GCC_WARN_UNUSED_VARIABLE = YES;
				IPHONEOS_DEPLOYMENT_TARGET = 7.0;
				ONLY_ACTIVE_ARCH = YES;
				OTHER_LDFLAGS = "-ObjC";
				SDKROOT = iphoneos;
				TARGETED_DEVICE_FAMILY = "1,2";
			};
			name = Debug;
		};
		2449AE4B185E1E1300B1DC44 /* Release */ = {
			isa = XCBuildConfiguration;
			buildSettings = {
				ALWAYS_SEARCH_USER_PATHS = NO;
				ARCHS = "$(ARCHS_STANDARD_INCLUDING_64_BIT)";
				CLANG_CXX_LANGUAGE_STANDARD = "gnu++0x";
				CLANG_CXX_LIBRARY = "libc++";
				CLANG_ENABLE_MODULES = YES;
				CLANG_ENABLE_OBJC_ARC = YES;
				CLANG_WARN_BOOL_CONVERSION = YES;
				CLANG_WARN_CONSTANT_CONVERSION = YES;
				CLANG_WARN_DIRECT_OBJC_ISA_USAGE = YES_ERROR;
				CLANG_WARN_EMPTY_BODY = YES;
				CLANG_WARN_ENUM_CONVERSION = YES;
				CLANG_WARN_INT_CONVERSION = YES;
				CLANG_WARN_OBJC_ROOT_CLASS = YES_ERROR;
				CLANG_WARN__DUPLICATE_METHOD_MATCH = YES;
				"CODE_SIGN_IDENTITY[sdk=iphoneos*]" = "iPhone Developer";
				COPY_PHASE_STRIP = YES;
				ENABLE_NS_ASSERTIONS = NO;
				GCC_C_LANGUAGE_STANDARD = gnu99;
				GCC_WARN_64_TO_32_BIT_CONVERSION = YES;
				GCC_WARN_ABOUT_RETURN_TYPE = YES_ERROR;
				GCC_WARN_UNDECLARED_SELECTOR = YES;
				GCC_WARN_UNINITIALIZED_AUTOS = YES;
				GCC_WARN_UNUSED_FUNCTION = YES;
				GCC_WARN_UNUSED_VARIABLE = YES;
				IPHONEOS_DEPLOYMENT_TARGET = 7.0;
				OTHER_LDFLAGS = "-ObjC";
				SDKROOT = iphoneos;
				TARGETED_DEVICE_FAMILY = "1,2";
				VALIDATE_PRODUCT = YES;
			};
			name = Release;
		};
		2449AE4D185E1E1300B1DC44 /* Debug */ = {
			isa = XCBuildConfiguration;
			buildSettings = {
				ASSETCATALOG_COMPILER_APPICON_NAME = AppIcon;
				ASSETCATALOG_COMPILER_LAUNCHIMAGE_NAME = LaunchImage;
				GCC_PRECOMPILE_PREFIX_HEADER = YES;
				INFOPLIST_FILE = "AltTechTalks/AltTechTalks-Info.plist";
				PRODUCT_NAME = "$(TARGET_NAME)";
				WRAPPER_EXTENSION = app;
			};
			name = Debug;
		};
		2449AE4E185E1E1300B1DC44 /* Release */ = {
			isa = XCBuildConfiguration;
			buildSettings = {
				ASSETCATALOG_COMPILER_APPICON_NAME = AppIcon;
				ASSETCATALOG_COMPILER_LAUNCHIMAGE_NAME = LaunchImage;
				GCC_PRECOMPILE_PREFIX_HEADER = YES;
				INFOPLIST_FILE = "AltTechTalks/AltTechTalks-Info.plist";
				PRODUCT_NAME = "$(TARGET_NAME)";
				WRAPPER_EXTENSION = app;
			};
			name = Release;
		};
		2454B5A3185E211B004C2FBD /* Debug */ = {
			isa = XCBuildConfiguration;
			buildSettings = {
				GCC_ENABLE_OBJC_EXCEPTIONS = YES;
				GCC_PRECOMPILE_PREFIX_HEADER = YES;
				GCC_PREPROCESSOR_DEFINITIONS = (
					"DEBUG=1",
					"$(inherited)",
				);
				HEADER_SEARCH_PATHS = (
					"$(inherited)",
					/Applications/Xcode.app/Contents/Developer/Toolchains/XcodeDefault.xctoolchain/usr/include,
					"$(SRCROOT)/ddcli/lib",
				);
				MACOSX_DEPLOYMENT_TARGET = 10.9;
				PRODUCT_NAME = "$(TARGET_NAME)";
				SDKROOT = macosx;
			};
			name = Debug;
		};
		2454B5A4185E211B004C2FBD /* Release */ = {
			isa = XCBuildConfiguration;
			buildSettings = {
				DEBUG_INFORMATION_FORMAT = "dwarf-with-dsym";
				GCC_ENABLE_OBJC_EXCEPTIONS = YES;
				GCC_PRECOMPILE_PREFIX_HEADER = YES;
				HEADER_SEARCH_PATHS = (
					"$(inherited)",
					/Applications/Xcode.app/Contents/Developer/Toolchains/XcodeDefault.xctoolchain/usr/include,
					"$(SRCROOT)/ddcli/lib",
				);
				MACOSX_DEPLOYMENT_TARGET = 10.9;
				PRODUCT_NAME = "$(TARGET_NAME)";
				SDKROOT = macosx;
			};
			name = Release;
		};
		2454B5B5185E25D4004C2FBD /* Debug */ = {
			isa = XCBuildConfiguration;
			buildSettings = {
				COMBINE_HIDPI_IMAGES = YES;
				GCC_ENABLE_OBJC_EXCEPTIONS = YES;
				GCC_PRECOMPILE_PREFIX_HEADER = YES;
				GCC_PREPROCESSOR_DEFINITIONS = (
					"DEBUG=1",
					"$(inherited)",
				);
				INFOPLIST_FILE = "AltTechTalks Bundle/AltTechTalks Bundle-Info.plist";
				INSTALL_PATH = "$(LOCAL_LIBRARY_DIR)/Bundles";
				MACOSX_DEPLOYMENT_TARGET = 10.9;
				PRODUCT_NAME = "$(TARGET_NAME)";
				WRAPPER_EXTENSION = bundle;
			};
			name = Debug;
		};
		2454B5B6185E25D4004C2FBD /* Release */ = {
			isa = XCBuildConfiguration;
			buildSettings = {
				COMBINE_HIDPI_IMAGES = YES;
				DEBUG_INFORMATION_FORMAT = "dwarf-with-dsym";
				GCC_ENABLE_OBJC_EXCEPTIONS = YES;
				GCC_PRECOMPILE_PREFIX_HEADER = YES;
				INFOPLIST_FILE = "AltTechTalks Bundle/AltTechTalks Bundle-Info.plist";
				INSTALL_PATH = "$(LOCAL_LIBRARY_DIR)/Bundles";
				MACOSX_DEPLOYMENT_TARGET = 10.9;
				PRODUCT_NAME = "$(TARGET_NAME)";
				WRAPPER_EXTENSION = bundle;
			};
			name = Release;
		};
/* End XCBuildConfiguration section */

/* Begin XCConfigurationList section */
		2449AE1B185E1E1300B1DC44 /* Build configuration list for PBXProject "AltTechTalks" */ = {
			isa = XCConfigurationList;
			buildConfigurations = (
				2449AE4A185E1E1300B1DC44 /* Debug */,
				2449AE4B185E1E1300B1DC44 /* Release */,
			);
			defaultConfigurationIsVisible = 0;
			defaultConfigurationName = Release;
		};
		2449AE4C185E1E1300B1DC44 /* Build configuration list for PBXNativeTarget "AltTechTalks" */ = {
			isa = XCConfigurationList;
			buildConfigurations = (
				2449AE4D185E1E1300B1DC44 /* Debug */,
				2449AE4E185E1E1300B1DC44 /* Release */,
			);
			defaultConfigurationIsVisible = 0;
			defaultConfigurationName = Release;
		};
		2454B5A5185E211B004C2FBD /* Build configuration list for PBXNativeTarget "AltTechTalks Parser" */ = {
			isa = XCConfigurationList;
			buildConfigurations = (
				2454B5A3185E211B004C2FBD /* Debug */,
				2454B5A4185E211B004C2FBD /* Release */,
			);
			defaultConfigurationIsVisible = 0;
			defaultConfigurationName = Release;
		};
		2454B5B4185E25D4004C2FBD /* Build configuration list for PBXNativeTarget "AltTechTalks Bundle" */ = {
			isa = XCConfigurationList;
			buildConfigurations = (
				2454B5B5185E25D4004C2FBD /* Debug */,
				2454B5B6185E25D4004C2FBD /* Release */,
			);
			defaultConfigurationIsVisible = 0;
			defaultConfigurationName = Release;
		};
/* End XCConfigurationList section */

/* Begin XCVersionGroup section */
		24437636185E335B0001C980 /* Model.xcdatamodeld */ = {
			isa = XCVersionGroup;
			children = (
				24437637185E335B0001C980 /* Model.xcdatamodel */,
			);
			currentVersion = 24437637185E335B0001C980 /* Model.xcdatamodel */;
			path = Model.xcdatamodeld;
			sourceTree = "<group>";
			versionGroupType = wrapper.xcdatamodel;
		};
/* End XCVersionGroup section */
	};
	rootObject = 2449AE18185E1E1300B1DC44 /* Project object */;
}
